
Microsoft Visual Studio Solution File, Format Version 12.00
# Visual Studio Version 17
VisualStudioVersion = 17.4.33213.308
MinimumVisualStudioVersion = 10.0.40219.1
Project("{FAE04EC0-301F-11D3-BF4B-00C04F79EFBC}") = "Casino", "Casino\Casino.csproj", "{30FDFE88-93D3-482C-909D-6EEBDC94E72E}"
EndProject
Global
	GlobalSection(SolutionConfigurationPlatforms) = preSolution
		Debug|Any CPU = Debug|Any CPU
		Release|Any CPU = Release|Any CPU
	EndGlobalSection
	GlobalSection(ProjectConfigurationPlatforms) = postSolution
		{30FDFE88-93D3-482C-909D-6EEBDC94E72E}.Debug|Any CPU.ActiveCfg = Debug|Any CPU
		{30FDFE88-93D3-482C-909D-6EEBDC94E72E}.Debug|Any CPU.Build.0 = Debug|Any CPU
		{30FDFE88-93D3-482C-909D-6EEBDC94E72E}.Release|Any CPU.ActiveCfg = Release|Any CPU
		{30FDFE88-93D3-482C-909D-6EEBDC94E72E}.Release|Any CPU.Build.0 = Release|Any CPU
	EndGlobalSection
	GlobalSection(SolutionProperties) = preSolution
		HideSolutionNode = FALSE
	EndGlobalSection
	GlobalSection(ExtensibilityGlobals) = postSolution
		SolutionGuid = {C44207C9-75F6-458F-BDCA-DD3CA8F8A655}
	EndGlobalSection
EndGlobal
